
Microsoft Visual Studio Solution File, Format Version 12.00
# Visual Studio Version 17
VisualStudioVersion = 17.14.36221.1 d17.14
MinimumVisualStudioVersion = 10.0.40219.1
Project("{FAE04EC0-301F-11D3-BF4B-00C04F79EFBC}") = "AirportCCM", "AirportCCM\AirportCCM.csproj", "{FFCEFC00-399A-4395-AB7D-EF6B6C832477}"
EndProject
Global
	GlobalSection(SolutionConfigurationPlatforms) = preSolution
		Debug|Any CPU = Debug|Any CPU
		Release|Any CPU = Release|Any CPU
	EndGlobalSection
	GlobalSection(ProjectConfigurationPlatforms) = postSolution
		{FFCEFC00-399A-4395-AB7D-EF6B6C832477}.Debug|Any CPU.ActiveCfg = Debug|Any CPU
		{FFCEFC00-399A-4395-AB7D-EF6B6C832477}.Debug|Any CPU.Build.0 = Debug|Any CPU
		{FFCEFC00-399A-4395-AB7D-EF6B6C832477}.Release|Any CPU.ActiveCfg = Release|Any CPU
		{FFCEFC00-399A-4395-AB7D-EF6B6C832477}.Release|Any CPU.Build.0 = Release|Any CPU
	EndGlobalSection
	GlobalSection(SolutionProperties) = preSolution
		HideSolutionNode = FALSE
	EndGlobalSection
	GlobalSection(ExtensibilityGlobals) = postSolution
		SolutionGuid = {CB99A3AC-01E5-47F1-89B1-2EA88D40A7C9}
	EndGlobalSection
EndGlobal
